
Microsoft Visual Studio Solution File, Format Version 10.00
# Visual Studio 2008
Project("{8BC9CEB8-8B4A-11D0-8D11-00A0C91BC942}") = "10.16", "10.16\10.16.vcproj", "{F7DBEAA5-124F-470F-8759-DD9C5B7CD676}"
EndProject
Global
	GlobalSection(SolutionConfigurationPlatforms) = preSolution
		Debug|Win32 = Debug|Win32
		Release|Win32 = Release|Win32
	EndGlobalSection
	GlobalSection(ProjectConfigurationPlatforms) = postSolution
		{F7DBEAA5-124F-470F-8759-DD9C5B7CD676}.Debug|Win32.ActiveCfg = Debug|Win32
		{F7DBEAA5-124F-470F-8759-DD9C5B7CD676}.Debug|Win32.Build.0 = Debug|Win32
		{F7DBEAA5-124F-470F-8759-DD9C5B7CD676}.Release|Win32.ActiveCfg = Release|Win32
		{F7DBEAA5-124F-470F-8759-DD9C5B7CD676}.Release|Win32.Build.0 = Release|Win32
	EndGlobalSection
	GlobalSection(SolutionProperties) = preSolution
		HideSolutionNode = FALSE
	EndGlobalSection
EndGlobal
