
Microsoft Visual Studio Solution File, Format Version 10.00
# Visual Studio 2008
Project("{8BC9CEB8-8B4A-11D0-8D11-00A0C91BC942}") = "10.21", "10.21\10.21.vcproj", "{C7606A50-6B48-4C99-9324-2578D6F94D68}"
EndProject
Global
	GlobalSection(SolutionConfigurationPlatforms) = preSolution
		Debug|Win32 = Debug|Win32
		Release|Win32 = Release|Win32
	EndGlobalSection
	GlobalSection(ProjectConfigurationPlatforms) = postSolution
		{C7606A50-6B48-4C99-9324-2578D6F94D68}.Debug|Win32.ActiveCfg = Debug|Win32
		{C7606A50-6B48-4C99-9324-2578D6F94D68}.Debug|Win32.Build.0 = Debug|Win32
		{C7606A50-6B48-4C99-9324-2578D6F94D68}.Release|Win32.ActiveCfg = Release|Win32
		{C7606A50-6B48-4C99-9324-2578D6F94D68}.Release|Win32.Build.0 = Release|Win32
	EndGlobalSection
	GlobalSection(SolutionProperties) = preSolution
		HideSolutionNode = FALSE
	EndGlobalSection
EndGlobal
