
Microsoft Visual Studio Solution File, Format Version 10.00
# Visual Studio 2008
Project("{8BC9CEB8-8B4A-11D0-8D11-00A0C91BC942}") = "11.3", "11.3\11.3.vcproj", "{26AF308C-7F25-48B1-BA1A-815E6C6C7B36}"
EndProject
Global
	GlobalSection(SolutionConfigurationPlatforms) = preSolution
		Debug|Win32 = Debug|Win32
		Release|Win32 = Release|Win32
	EndGlobalSection
	GlobalSection(ProjectConfigurationPlatforms) = postSolution
		{26AF308C-7F25-48B1-BA1A-815E6C6C7B36}.Debug|Win32.ActiveCfg = Debug|Win32
		{26AF308C-7F25-48B1-BA1A-815E6C6C7B36}.Debug|Win32.Build.0 = Debug|Win32
		{26AF308C-7F25-48B1-BA1A-815E6C6C7B36}.Release|Win32.ActiveCfg = Release|Win32
		{26AF308C-7F25-48B1-BA1A-815E6C6C7B36}.Release|Win32.Build.0 = Release|Win32
	EndGlobalSection
	GlobalSection(SolutionProperties) = preSolution
		HideSolutionNode = FALSE
	EndGlobalSection
EndGlobal
