
Microsoft Visual Studio Solution File, Format Version 10.00
# Visual Studio 2008
Project("{8BC9CEB8-8B4A-11D0-8D11-00A0C91BC942}") = "11.1-2", "11.1-2\11.1-2.vcproj", "{C38546A5-7184-4AB2-815D-465327ECE950}"
EndProject
Global
	GlobalSection(SolutionConfigurationPlatforms) = preSolution
		Debug|Win32 = Debug|Win32
		Release|Win32 = Release|Win32
	EndGlobalSection
	GlobalSection(ProjectConfigurationPlatforms) = postSolution
		{C38546A5-7184-4AB2-815D-465327ECE950}.Debug|Win32.ActiveCfg = Debug|Win32
		{C38546A5-7184-4AB2-815D-465327ECE950}.Debug|Win32.Build.0 = Debug|Win32
		{C38546A5-7184-4AB2-815D-465327ECE950}.Release|Win32.ActiveCfg = Release|Win32
		{C38546A5-7184-4AB2-815D-465327ECE950}.Release|Win32.Build.0 = Release|Win32
	EndGlobalSection
	GlobalSection(SolutionProperties) = preSolution
		HideSolutionNode = FALSE
	EndGlobalSection
EndGlobal
